<?xml version="1.0" encoding="UTF-8" standalone="yes" ?>
<CodeBlocks_project_file>
   <FileVersion major="1" minor="6" />
   <Project>
      <Option title="TrailEngine" />
      <Option makefile_is_custom="1" />
      <Option compiler="gcc" />
      <Option virtualFolders="CMake Files\;CMake Files\CMake\;CMake Files\glimac\;CMake Files\TP_trailRender\;CMake Files\TP_template\;CMake Files\TP_triangle\;" />
      <Build>
      <Target title="all">
         <Option working_dir="/home/florian/gitRepo/TrailEngine/TrailEngine/trailEngine-build" />
         <Option type="4" />
         <MakeCommands>
            <Build command="/usr/bin/gmake -f &quot;/home/florian/gitRepo/TrailEngine/TrailEngine/trailEngine-build/Makefile&quot;  VERBOSE=1 all" />
            <CompileFile command="/usr/bin/gmake -f &quot;/home/florian/gitRepo/TrailEngine/TrailEngine/trailEngine-build/Makefile&quot;  VERBOSE=1 &quot;$file&quot;" />
            <Clean command="/usr/bin/gmake -f &quot;/home/florian/gitRepo/TrailEngine/TrailEngine/trailEngine-build/Makefile&quot;  VERBOSE=1 clean" />
            <DistClean command="/usr/bin/gmake -f &quot;/home/florian/gitRepo/TrailEngine/TrailEngine/trailEngine-build/Makefile&quot;  VERBOSE=1 clean" />
         </MakeCommands>
      </Target>
      <Target title="edit_cache">
         <Option working_dir="/home/florian/gitRepo/TrailEngine/TrailEngine/trailEngine-build" />
         <Option type="4" />
         <MakeCommands>
            <Build command="/usr/bin/gmake -f &quot;/home/florian/gitRepo/TrailEngine/TrailEngine/trailEngine-build/Makefile&quot;  VERBOSE=1 edit_cache" />
            <CompileFile command="/usr/bin/gmake -f &quot;/home/florian/gitRepo/TrailEngine/TrailEngine/trailEngine-build/Makefile&quot;  VERBOSE=1 &quot;$file&quot;" />
            <Clean command="/usr/bin/gmake -f &quot;/home/florian/gitRepo/TrailEngine/TrailEngine/trailEngine-build/Makefile&quot;  VERBOSE=1 clean" />
            <DistClean command="/usr/bin/gmake -f &quot;/home/florian/gitRepo/TrailEngine/TrailEngine/trailEngine-build/Makefile&quot;  VERBOSE=1 clean" />
         </MakeCommands>
      </Target>
      <Target title="rebuild_cache">
         <Option working_dir="/home/florian/gitRepo/TrailEngine/TrailEngine/trailEngine-build" />
         <Option type="4" />
         <MakeCommands>
            <Build command="/usr/bin/gmake -f &quot;/home/florian/gitRepo/TrailEngine/TrailEngine/trailEngine-build/Makefile&quot;  VERBOSE=1 rebuild_cache" />
            <CompileFile command="/usr/bin/gmake -f &quot;/home/florian/gitRepo/TrailEngine/TrailEngine/trailEngine-build/Makefile&quot;  VERBOSE=1 &quot;$file&quot;" />
            <Clean command="/usr/bin/gmake -f &quot;/home/florian/gitRepo/TrailEngine/TrailEngine/trailEngine-build/Makefile&quot;  VERBOSE=1 clean" />
            <DistClean command="/usr/bin/gmake -f &quot;/home/florian/gitRepo/TrailEngine/TrailEngine/trailEngine-build/Makefile&quot;  VERBOSE=1 clean" />
         </MakeCommands>
      </Target>
      <Target title="glimac">
         <Option output="/home/florian/gitRepo/TrailEngine/TrailEngine/trailEngine-build/glimac/libglimac.a" prefix_auto="0" extension_auto="0" />
         <Option working_dir="/home/florian/gitRepo/TrailEngine/TrailEngine/trailEngine-build/glimac" />
         <Option object_output="./" />
         <Option type="2" />
         <Option compiler="gcc" />
         <Compiler>
            <Add directory="/home/florian/gitRepo/TrailEngine/TrailEngine/trailEngine/glimac/include" />
            <Add directory="/home/florian/gitRepo/TrailEngine/TrailEngine/trailEngine/third-party/include" />
            <Add directory="/usr/include/SDL" />
         </Compiler>
         <MakeCommands>
            <Build command="/usr/bin/gmake -f &quot;/home/florian/gitRepo/TrailEngine/TrailEngine/trailEngine-build/glimac/Makefile&quot;  VERBOSE=1 glimac" />
            <CompileFile command="/usr/bin/gmake -f &quot;/home/florian/gitRepo/TrailEngine/TrailEngine/trailEngine-build/glimac/Makefile&quot;  VERBOSE=1 &quot;$file&quot;" />
            <Clean command="/usr/bin/gmake -f &quot;/home/florian/gitRepo/TrailEngine/TrailEngine/trailEngine-build/glimac/Makefile&quot;  VERBOSE=1 clean" />
            <DistClean command="/usr/bin/gmake -f &quot;/home/florian/gitRepo/TrailEngine/TrailEngine/trailEngine-build/glimac/Makefile&quot;  VERBOSE=1 clean" />
         </MakeCommands>
      </Target>
      <Target title="glimac/fast">
         <Option output="/home/florian/gitRepo/TrailEngine/TrailEngine/trailEngine-build/glimac/libglimac.a" prefix_auto="0" extension_auto="0" />
         <Option working_dir="/home/florian/gitRepo/TrailEngine/TrailEngine/trailEngine-build/glimac" />
         <Option object_output="./" />
         <Option type="2" />
         <Option compiler="gcc" />
         <Compiler>
            <Add directory="/home/florian/gitRepo/TrailEngine/TrailEngine/trailEngine/glimac/include" />
            <Add directory="/home/florian/gitRepo/TrailEngine/TrailEngine/trailEngine/third-party/include" />
            <Add directory="/usr/include/SDL" />
         </Compiler>
         <MakeCommands>
            <Build command="/usr/bin/gmake -f &quot;/home/florian/gitRepo/TrailEngine/TrailEngine/trailEngine-build/glimac/Makefile&quot;  VERBOSE=1 glimac/fast" />
            <CompileFile command="/usr/bin/gmake -f &quot;/home/florian/gitRepo/TrailEngine/TrailEngine/trailEngine-build/glimac/Makefile&quot;  VERBOSE=1 &quot;$file&quot;" />
            <Clean command="/usr/bin/gmake -f &quot;/home/florian/gitRepo/TrailEngine/TrailEngine/trailEngine-build/glimac/Makefile&quot;  VERBOSE=1 clean" />
            <DistClean command="/usr/bin/gmake -f &quot;/home/florian/gitRepo/TrailEngine/TrailEngine/trailEngine-build/glimac/Makefile&quot;  VERBOSE=1 clean" />
         </MakeCommands>
      </Target>
      <Target title="TP_trailRender_main">
         <Option output="/home/florian/gitRepo/TrailEngine/TrailEngine/trailEngine-build/TP_trailRender/TP_trailRender_main" prefix_auto="0" extension_auto="0" />
         <Option working_dir="/home/florian/gitRepo/TrailEngine/TrailEngine/trailEngine-build/TP_trailRender" />
         <Option object_output="./" />
         <Option type="1" />
         <Option compiler="gcc" />
         <Compiler>
            <Add directory="/home/florian/gitRepo/TrailEngine/TrailEngine/trailEngine/glimac/include" />
            <Add directory="/home/florian/gitRepo/TrailEngine/TrailEngine/trailEngine/third-party/include" />
            <Add directory="/usr/include/SDL" />
         </Compiler>
         <MakeCommands>
            <Build command="/usr/bin/gmake -f &quot;/home/florian/gitRepo/TrailEngine/TrailEngine/trailEngine-build/TP_trailRender/Makefile&quot;  VERBOSE=1 TP_trailRender_main" />
            <CompileFile command="/usr/bin/gmake -f &quot;/home/florian/gitRepo/TrailEngine/TrailEngine/trailEngine-build/TP_trailRender/Makefile&quot;  VERBOSE=1 &quot;$file&quot;" />
            <Clean command="/usr/bin/gmake -f &quot;/home/florian/gitRepo/TrailEngine/TrailEngine/trailEngine-build/TP_trailRender/Makefile&quot;  VERBOSE=1 clean" />
            <DistClean command="/usr/bin/gmake -f &quot;/home/florian/gitRepo/TrailEngine/TrailEngine/trailEngine-build/TP_trailRender/Makefile&quot;  VERBOSE=1 clean" />
         </MakeCommands>
      </Target>
      <Target title="TP_trailRender_main/fast">
         <Option output="/home/florian/gitRepo/TrailEngine/TrailEngine/trailEngine-build/TP_trailRender/TP_trailRender_main" prefix_auto="0" extension_auto="0" />
         <Option working_dir="/home/florian/gitRepo/TrailEngine/TrailEngine/trailEngine-build/TP_trailRender" />
         <Option object_output="./" />
         <Option type="1" />
         <Option compiler="gcc" />
         <Compiler>
            <Add directory="/home/florian/gitRepo/TrailEngine/TrailEngine/trailEngine/glimac/include" />
            <Add directory="/home/florian/gitRepo/TrailEngine/TrailEngine/trailEngine/third-party/include" />
            <Add directory="/usr/include/SDL" />
         </Compiler>
         <MakeCommands>
            <Build command="/usr/bin/gmake -f &quot;/home/florian/gitRepo/TrailEngine/TrailEngine/trailEngine-build/TP_trailRender/Makefile&quot;  VERBOSE=1 TP_trailRender_main/fast" />
            <CompileFile command="/usr/bin/gmake -f &quot;/home/florian/gitRepo/TrailEngine/TrailEngine/trailEngine-build/TP_trailRender/Makefile&quot;  VERBOSE=1 &quot;$file&quot;" />
            <Clean command="/usr/bin/gmake -f &quot;/home/florian/gitRepo/TrailEngine/TrailEngine/trailEngine-build/TP_trailRender/Makefile&quot;  VERBOSE=1 clean" />
            <DistClean command="/usr/bin/gmake -f &quot;/home/florian/gitRepo/TrailEngine/TrailEngine/trailEngine-build/TP_trailRender/Makefile&quot;  VERBOSE=1 clean" />
         </MakeCommands>
      </Target>
      <Target title="TP_template_SDLtemplate">
         <Option output="/home/florian/gitRepo/TrailEngine/TrailEngine/trailEngine-build/TP_template/TP_template_SDLtemplate" prefix_auto="0" extension_auto="0" />
         <Option working_dir="/home/florian/gitRepo/TrailEngine/TrailEngine/trailEngine-build/TP_template" />
         <Option object_output="./" />
         <Option type="1" />
         <Option compiler="gcc" />
         <Compiler>
            <Add directory="/home/florian/gitRepo/TrailEngine/TrailEngine/trailEngine/glimac/include" />
            <Add directory="/home/florian/gitRepo/TrailEngine/TrailEngine/trailEngine/third-party/include" />
            <Add directory="/usr/include/SDL" />
         </Compiler>
         <MakeCommands>
            <Build command="/usr/bin/gmake -f &quot;/home/florian/gitRepo/TrailEngine/TrailEngine/trailEngine-build/TP_template/Makefile&quot;  VERBOSE=1 TP_template_SDLtemplate" />
            <CompileFile command="/usr/bin/gmake -f &quot;/home/florian/gitRepo/TrailEngine/TrailEngine/trailEngine-build/TP_template/Makefile&quot;  VERBOSE=1 &quot;$file&quot;" />
            <Clean command="/usr/bin/gmake -f &quot;/home/florian/gitRepo/TrailEngine/TrailEngine/trailEngine-build/TP_template/Makefile&quot;  VERBOSE=1 clean" />
            <DistClean command="/usr/bin/gmake -f &quot;/home/florian/gitRepo/TrailEngine/TrailEngine/trailEngine-build/TP_template/Makefile&quot;  VERBOSE=1 clean" />
         </MakeCommands>
      </Target>
      <Target title="TP_template_SDLtemplate/fast">
         <Option output="/home/florian/gitRepo/TrailEngine/TrailEngine/trailEngine-build/TP_template/TP_template_SDLtemplate" prefix_auto="0" extension_auto="0" />
         <Option working_dir="/home/florian/gitRepo/TrailEngine/TrailEngine/trailEngine-build/TP_template" />
         <Option object_output="./" />
         <Option type="1" />
         <Option compiler="gcc" />
         <Compiler>
            <Add directory="/home/florian/gitRepo/TrailEngine/TrailEngine/trailEngine/glimac/include" />
            <Add directory="/home/florian/gitRepo/TrailEngine/TrailEngine/trailEngine/third-party/include" />
            <Add directory="/usr/include/SDL" />
         </Compiler>
         <MakeCommands>
            <Build command="/usr/bin/gmake -f &quot;/home/florian/gitRepo/TrailEngine/TrailEngine/trailEngine-build/TP_template/Makefile&quot;  VERBOSE=1 TP_template_SDLtemplate/fast" />
            <CompileFile command="/usr/bin/gmake -f &quot;/home/florian/gitRepo/TrailEngine/TrailEngine/trailEngine-build/TP_template/Makefile&quot;  VERBOSE=1 &quot;$file&quot;" />
            <Clean command="/usr/bin/gmake -f &quot;/home/florian/gitRepo/TrailEngine/TrailEngine/trailEngine-build/TP_template/Makefile&quot;  VERBOSE=1 clean" />
            <DistClean command="/usr/bin/gmake -f &quot;/home/florian/gitRepo/TrailEngine/TrailEngine/trailEngine-build/TP_template/Makefile&quot;  VERBOSE=1 clean" />
         </MakeCommands>
      </Target>
      <Target title="TP_triangle_triangle">
         <Option output="/home/florian/gitRepo/TrailEngine/TrailEngine/trailEngine-build/TP_triangle/TP_triangle_triangle" prefix_auto="0" extension_auto="0" />
         <Option working_dir="/home/florian/gitRepo/TrailEngine/TrailEngine/trailEngine-build/TP_triangle" />
         <Option object_output="./" />
         <Option type="1" />
         <Option compiler="gcc" />
         <Compiler>
            <Add directory="/home/florian/gitRepo/TrailEngine/TrailEngine/trailEngine/glimac/include" />
            <Add directory="/home/florian/gitRepo/TrailEngine/TrailEngine/trailEngine/third-party/include" />
            <Add directory="/usr/include/SDL" />
         </Compiler>
         <MakeCommands>
            <Build command="/usr/bin/gmake -f &quot;/home/florian/gitRepo/TrailEngine/TrailEngine/trailEngine-build/TP_triangle/Makefile&quot;  VERBOSE=1 TP_triangle_triangle" />
            <CompileFile command="/usr/bin/gmake -f &quot;/home/florian/gitRepo/TrailEngine/TrailEngine/trailEngine-build/TP_triangle/Makefile&quot;  VERBOSE=1 &quot;$file&quot;" />
            <Clean command="/usr/bin/gmake -f &quot;/home/florian/gitRepo/TrailEngine/TrailEngine/trailEngine-build/TP_triangle/Makefile&quot;  VERBOSE=1 clean" />
            <DistClean command="/usr/bin/gmake -f &quot;/home/florian/gitRepo/TrailEngine/TrailEngine/trailEngine-build/TP_triangle/Makefile&quot;  VERBOSE=1 clean" />
         </MakeCommands>
      </Target>
      <Target title="TP_triangle_triangle/fast">
         <Option output="/home/florian/gitRepo/TrailEngine/TrailEngine/trailEngine-build/TP_triangle/TP_triangle_triangle" prefix_auto="0" extension_auto="0" />
         <Option working_dir="/home/florian/gitRepo/TrailEngine/TrailEngine/trailEngine-build/TP_triangle" />
         <Option object_output="./" />
         <Option type="1" />
         <Option compiler="gcc" />
         <Compiler>
            <Add directory="/home/florian/gitRepo/TrailEngine/TrailEngine/trailEngine/glimac/include" />
            <Add directory="/home/florian/gitRepo/TrailEngine/TrailEngine/trailEngine/third-party/include" />
            <Add directory="/usr/include/SDL" />
         </Compiler>
         <MakeCommands>
            <Build command="/usr/bin/gmake -f &quot;/home/florian/gitRepo/TrailEngine/TrailEngine/trailEngine-build/TP_triangle/Makefile&quot;  VERBOSE=1 TP_triangle_triangle/fast" />
            <CompileFile command="/usr/bin/gmake -f &quot;/home/florian/gitRepo/TrailEngine/TrailEngine/trailEngine-build/TP_triangle/Makefile&quot;  VERBOSE=1 &quot;$file&quot;" />
            <Clean command="/usr/bin/gmake -f &quot;/home/florian/gitRepo/TrailEngine/TrailEngine/trailEngine-build/TP_triangle/Makefile&quot;  VERBOSE=1 clean" />
            <DistClean command="/usr/bin/gmake -f &quot;/home/florian/gitRepo/TrailEngine/TrailEngine/trailEngine-build/TP_triangle/Makefile&quot;  VERBOSE=1 clean" />
         </MakeCommands>
      </Target>
      </Build>
      <Unit filename="/home/florian/gitRepo/TrailEngine/TrailEngine/trailEngine/TP_template/SDLtemplate.cpp">
      </Unit>
      <Unit filename="/home/florian/gitRepo/TrailEngine/TrailEngine/trailEngine/TP_trailRender/main.cpp">
      </Unit>
      <Unit filename="/home/florian/gitRepo/TrailEngine/TrailEngine/trailEngine/TP_triangle/triangle.cpp">
      </Unit>
      <Unit filename="/home/florian/gitRepo/TrailEngine/TrailEngine/trailEngine/glimac/src/Cone.cpp">
      </Unit>
      <Unit filename="/home/florian/gitRepo/TrailEngine/TrailEngine/trailEngine/glimac/src/Geometry.cpp">
      </Unit>
      <Unit filename="/home/florian/gitRepo/TrailEngine/TrailEngine/trailEngine/glimac/src/Image.cpp">
      </Unit>
      <Unit filename="/home/florian/gitRepo/TrailEngine/TrailEngine/trailEngine/glimac/src/Program.cpp">
      </Unit>
      <Unit filename="/home/florian/gitRepo/TrailEngine/TrailEngine/trailEngine/glimac/src/SDLWindowManager.cpp">
      </Unit>
      <Unit filename="/home/florian/gitRepo/TrailEngine/TrailEngine/trailEngine/glimac/src/Shader.cpp">
      </Unit>
      <Unit filename="/home/florian/gitRepo/TrailEngine/TrailEngine/trailEngine/glimac/src/Sphere.cpp">
      </Unit>
      <Unit filename="/home/florian/gitRepo/TrailEngine/TrailEngine/trailEngine/glimac/src/tiny_obj_loader.cpp">
      </Unit>
      <Unit filename="/home/florian/gitRepo/TrailEngine/TrailEngine/trailEngine/TP_trailRender/shaders/red.fs.glsl">
      </Unit>
      <Unit filename="/home/florian/gitRepo/TrailEngine/TrailEngine/trailEngine/TP_trailRender/shaders/red.vs.glsl">
      </Unit>
      <Unit filename="/home/florian/gitRepo/TrailEngine/TrailEngine/trailEngine/TP_trailRender/shaders/trail.fs.glsl">
      </Unit>
      <Unit filename="/home/florian/gitRepo/TrailEngine/TrailEngine/trailEngine/TP_trailRender/shaders/trail.vs.glsl">
      </Unit>
      <Unit filename="/home/florian/gitRepo/TrailEngine/TrailEngine/trailEngine/TP_triangle/shaders/red.fs.glsl">
      </Unit>
      <Unit filename="/home/florian/gitRepo/TrailEngine/TrailEngine/trailEngine/TP_triangle/shaders/red.vs.glsl">
      </Unit>
      <Unit filename="/home/florian/gitRepo/TrailEngine/TrailEngine/trailEngine/glimac/include/glimac/BBox.hpp">
      </Unit>
      <Unit filename="/home/florian/gitRepo/TrailEngine/TrailEngine/trailEngine/glimac/include/glimac/Cone.hpp">
      </Unit>
      <Unit filename="/home/florian/gitRepo/TrailEngine/TrailEngine/trailEngine/glimac/include/glimac/FilePath.hpp">
      </Unit>
      <Unit filename="/home/florian/gitRepo/TrailEngine/TrailEngine/trailEngine/glimac/include/glimac/Geometry.hpp">
      </Unit>
      <Unit filename="/home/florian/gitRepo/TrailEngine/TrailEngine/trailEngine/glimac/include/glimac/Image.hpp">
      </Unit>
      <Unit filename="/home/florian/gitRepo/TrailEngine/TrailEngine/trailEngine/glimac/include/glimac/Program.hpp">
      </Unit>
      <Unit filename="/home/florian/gitRepo/TrailEngine/TrailEngine/trailEngine/glimac/include/glimac/SDLWindowManager.hpp">
      </Unit>
      <Unit filename="/home/florian/gitRepo/TrailEngine/TrailEngine/trailEngine/glimac/include/glimac/Shader.hpp">
      </Unit>
      <Unit filename="/home/florian/gitRepo/TrailEngine/TrailEngine/trailEngine/glimac/include/glimac/Sphere.hpp">
      </Unit>
      <Unit filename="/home/florian/gitRepo/TrailEngine/TrailEngine/trailEngine/glimac/include/glimac/common.hpp">
      </Unit>
      <Unit filename="/home/florian/gitRepo/TrailEngine/TrailEngine/trailEngine/glimac/include/glimac/glm.hpp">
      </Unit>
      <Unit filename="/home/florian/gitRepo/TrailEngine/TrailEngine/trailEngine/glimac/src/tiny_obj_loader.h">
      </Unit>
      <Unit filename="/home/florian/gitRepo/TrailEngine/TrailEngine/trailEngine/CMakeLists.txt">
          <Option virtualFolder="CMake Files\" />
      </Unit>
      <Unit filename="/home/florian/gitRepo/TrailEngine/TrailEngine/trailEngine/CMake/FindGLEW.cmake">
          <Option virtualFolder="CMake Files\CMake\" />
      </Unit>
      <Unit filename="/home/florian/gitRepo/TrailEngine/TrailEngine/trailEngine/glimac/CMakeLists.txt">
          <Option virtualFolder="CMake Files\glimac\" />
      </Unit>
      <Unit filename="/home/florian/gitRepo/TrailEngine/TrailEngine/trailEngine/TP_trailRender/CMakeLists.txt">
          <Option virtualFolder="CMake Files\TP_trailRender\" />
      </Unit>
      <Unit filename="/home/florian/gitRepo/TrailEngine/TrailEngine/trailEngine/TP_template/CMakeLists.txt">
          <Option virtualFolder="CMake Files\TP_template\" />
      </Unit>
      <Unit filename="/home/florian/gitRepo/TrailEngine/TrailEngine/trailEngine/TP_triangle/CMakeLists.txt">
          <Option virtualFolder="CMake Files\TP_triangle\" />
      </Unit>
   </Project>
</CodeBlocks_project_file>
